dependencies:
- name: kafka
  repository: https://charts.bitnami.com/bitnami
  version: 11.8.8
- name: mongodb
  repository: https://charts.bitnami.com/bitnami
  version: 9.3.1
digest: sha256:72be9ac90ac09c903ff80ee51788dbef110a4fb0b10407ccb2f13d6e4f3f6583
generated: "2021-04-11T15:19:08.919801+02:00"
